
Microsoft Visual Studio Solution File, Format Version 12.00
# Visual Studio Version 16
VisualStudioVersion = 16.0.31829.152
MinimumVisualStudioVersion = 10.0.40219.1
Project("{FAE04EC0-301F-11D3-BF4B-00C04F79EFBC}") = "Column_po_etag", "Column_po_etag\Column_po_etag.csproj", "{10574A10-8AD0-4D15-A808-F9C2986BA026}"
EndProject
Global
	GlobalSection(SolutionConfigurationPlatforms) = preSolution
		Debug|Any CPU = Debug|Any CPU
		Release|Any CPU = Release|Any CPU
	EndGlobalSection
	GlobalSection(ProjectConfigurationPlatforms) = postSolution
		{10574A10-8AD0-4D15-A808-F9C2986BA026}.Debug|Any CPU.ActiveCfg = Debug|Any CPU
		{10574A10-8AD0-4D15-A808-F9C2986BA026}.Debug|Any CPU.Build.0 = Debug|Any CPU
		{10574A10-8AD0-4D15-A808-F9C2986BA026}.Release|Any CPU.ActiveCfg = Release|Any CPU
		{10574A10-8AD0-4D15-A808-F9C2986BA026}.Release|Any CPU.Build.0 = Release|Any CPU
	EndGlobalSection
	GlobalSection(SolutionProperties) = preSolution
		HideSolutionNode = FALSE
	EndGlobalSection
	GlobalSection(ExtensibilityGlobals) = postSolution
		SolutionGuid = {1A6950D7-6CFB-4A76-A3E7-E15AEFE2BFC6}
	EndGlobalSection
EndGlobal
